// !$*UTF8*$!
{
	archiveVersion = 1;
	classes = {
	};
	objectVersion = 77;
	objects = {

/* Begin PBXAggregateTarget section */
		2A80A9BF305D5B9600ECFBC3 /* Publish Carracho */ = {
			isa = PBXAggregateTarget;
			buildConfigurationList = 2A80A9C0305D5B9600ECFBC3 /* Build configuration list for PBXAggregateTarget "Publish Carracho" */;
			buildPhases = (
				2A80A9C3305D5BA600ECFBC3 /* ShellScript */,
			);
			dependencies = (
			);
			name = "Publish Carracho";
			packageProductDependencies = (
			);
			productName = "Publish Carracho";
		};
		2A80A9C4305D5EF400ECFBC3 /* Publish Carracho Server */ = {
			isa = PBXAggregateTarget;
			buildConfigurationList = 2A80A9C6305D5EF400ECFBC3 /* Build configuration list for PBXAggregateTarget "Publish Carracho Server" */;
			buildPhases = (
				2A80A9C5305D5EF400ECFBC3 /* ShellScript */,
			);
			dependencies = (
			);
			name = "Publish Carracho Server";
			packageProductDependencies = (
			);
			productName = "Publish Carracho";
		};
		2AD5497D30556A4100CD47B6 /* Sync Server */ = {
			isa = PBXAggregateTarget;
			buildConfigurationList = 2AD5497E30556A4100CD47B6 /* Build configuration list for PBXAggregateTarget "Sync Server" */;
			buildPhases = (
				2AD5498230556A4900CD47B6 /* Sync Server */,
			);
			dependencies = (
			);
			name = "Sync Server";
			packageProductDependencies = (
			);
			productName = "Sync Server";
		};
/* End PBXAggregateTarget section */

/* Begin PBXBuildFile section */
		2A3840A5305961A900D5C253 /* Sparkle in Frameworks */ = {isa = PBXBuildFile; productRef = 2A3840A4305961A900D5C253 /* Sparkle */; };
		2A3840A8305961C500D5C253 /* Sparkle in Frameworks */ = {isa = PBXBuildFile; productRef = 2A3840A7305961C500D5C253 /* Sparkle */; };
/* End PBXBuildFile section */

/* Begin PBXFileReference section */
		2A13EC58305AA3AE002A3039 /* carrachoclient.html */ = {isa = PBXFileReference; lastKnownFileType = text.html; path = carrachoclient.html; sourceTree = "<group>"; };
		2A13EC59305AA7FD002A3039 /* carrachoserver.html */ = {isa = PBXFileReference; lastKnownFileType = text.html; path = carrachoserver.html; sourceTree = "<group>"; };
		2A3840A9305961DB00D5C253 /* Carracho-Server-Info.plist */ = {isa = PBXFileReference; lastKnownFileType = text.plist; path = "Carracho-Server-Info.plist"; sourceTree = "<group>"; };
		2A8153BA3061161A007CA770 /* build-debs.sh */ = {isa = PBXFileReference; lastKnownFileType = text.script.sh; path = "build-debs.sh"; sourceTree = "<group>"; };
		2AD52C523052E26B00CD47B6 /* Carracho.app */ = {isa = PBXFileReference; explicitFileType = wrapper.application; includeInIndex = 0; path = Carracho.app; sourceTree = BUILT_PRODUCTS_DIR; };
		2AD53F4B3054732E00CD47B6 /* Carracho Server.app */ = {isa = PBXFileReference; explicitFileType = wrapper.application; includeInIndex = 0; path = "Carracho Server.app"; sourceTree = BUILT_PRODUCTS_DIR; };
		2AD542343055691A00CD47B6 /* compile.sh */ = {isa = PBXFileReference; lastKnownFileType = text.script.sh; path = compile.sh; sourceTree = "<group>"; };
/* End PBXFileReference section */

/* Begin PBXFileSystemSynchronizedBuildFileExceptionSet section */
		2A38181B305815C200D5C253 /* Exceptions for "Carracho" folder in "Carracho" target */ = {
			isa = PBXFileSystemSynchronizedBuildFileExceptionSet;
			membershipExceptions = (
				Info.plist,
				Webinterface/docs/BACKEND_INTEGRATION.md,
				Webinterface/docs/CODESIGN_ONEFILE_V8.md,
				Webinterface/docs/COPY_BUNDLE_RESOURCES_CLEANUP.md,
				Webinterface/docs/XCODE_BUILD_PHASE_V6.md,
				Webinterface/docs/XCODE_BUILD_PHASE.md,
				Webinterface/docs/XCODE_INTEGRATION.md,
				Webinterface/helper/web_admin.py,
				Webinterface/macos/CarrachoWebAdminService.swift,
				Webinterface/README.md,
				"Webinterface/scripts/build-helper.sh",
				"Webinterface/scripts/cleanup-old-build-artifacts.sh",
				"Webinterface/scripts/embed-into-app.sh",
				"Webinterface/scripts/verify-bundle.sh",
				"Webinterface/scripts/xcode-build-and-embed-helper.sh",
				"Webinterface/scripts/xcode-build-phase.sh",
				"Webinterface/scripts/xcode-copy-helper.sh",
				Webinterface/web/index.html,
			);
			target = 2AD52C513052E26B00CD47B6 /* Carracho */;
		};
		2AD53F4C3054732F00CD47B6 /* Exceptions for "Carracho" folder in "Carracho Server" target */ = {
			isa = PBXFileSystemSynchronizedBuildFileExceptionSet;
			membershipExceptions = (
				"/Localized: Main.storyboard",
				AppDelegate.swift,
				CarrachoTheme.swift,
				Client/AvatarImageProcessor.swift,
				Client/ClientSoundPreferences.swift,
				Client/HTMLTextRenderer.swift,
				Client/LocalAvatarStore.swift,
				Client/MediaAttachmentSupport.swift,
				Client/MessageCenterStore.swift,
				Client/NewsReadStateStore.swift,
				Client/ServerBookmarkKeychain.swift,
				Client/ServerBookmarkStore.swift,
				Gui/Accounts.swift,
				Gui/Administration.swift,
				Gui/Advanced.swift,
				Gui/Agreement.swift,
				Gui/Conferences.swift,
				Gui/Events.swift,
				Gui/Files.swift,
				Gui/InputDelegates.swift,
				Gui/Localization.swift,
				Gui/MessageCenter.swift,
				Gui/News.swift,
				Gui/NewsAdmin.swift,
				Gui/ServerInfo.swift,
				Gui/ServerLog.swift,
				Gui/Settings.swift,
				Gui/Statistics.swift,
				Gui/Support.swift,
				Gui/Tracker.swift,
				Gui/Transfers.swift,
				Gui/Users.swift,
				Info.plist,
				Networking/AuthenticatedTransferStream.swift,
				Networking/LegacyBannerClient.swift,
				Networking/LegacyControlClient.swift,
				Networking/LegacyFileSearchClient.swift,
				Networking/LegacyFileTransferClient.swift,
				Networking/LegacyMediaClient.swift,
				Networking/LegacyNewsClient.swift,
				Networking/LegacyTrackerClient.swift,
				ViewController.swift,
				Webinterface/docs/BACKEND_INTEGRATION.md,
				Webinterface/docs/CODESIGN_ONEFILE_V8.md,
				Webinterface/docs/COPY_BUNDLE_RESOURCES_CLEANUP.md,
				Webinterface/docs/XCODE_BUILD_PHASE_V6.md,
				Webinterface/docs/XCODE_BUILD_PHASE.md,
				Webinterface/docs/XCODE_INTEGRATION.md,
				Webinterface/helper/web_admin.py,
				Webinterface/macos/CarrachoWebAdminService.swift,
				Webinterface/README.md,
				"Webinterface/scripts/build-helper.sh",
				"Webinterface/scripts/cleanup-old-build-artifacts.sh",
				"Webinterface/scripts/embed-into-app.sh",
				"Webinterface/scripts/verify-bundle.sh",
				"Webinterface/scripts/xcode-build-and-embed-helper.sh",
				"Webinterface/scripts/xcode-build-phase.sh",
				"Webinterface/scripts/xcode-copy-helper.sh",
				Webinterface/web/index.html,
			);
			target = 2AD53F443054732E00CD47B6 /* Carracho Server */;
		};
/* End PBXFileSystemSynchronizedBuildFileExceptionSet section */

/* Begin PBXFileSystemSynchronizedRootGroup section */
		2AD52C543052E26B00CD47B6 /* Carracho */ = {
			isa = PBXFileSystemSynchronizedRootGroup;
			exceptions = (
				2A38181B305815C200D5C253 /* Exceptions for "Carracho" folder in "Carracho" target */,
				2AD53F4C3054732F00CD47B6 /* Exceptions for "Carracho" folder in "Carracho Server" target */,
			);
			path = Carracho;
			sourceTree = "<group>";
		};
		2AD53EBC3053EE7500CD47B6 /* ServerLinux */ = {
			isa = PBXFileSystemSynchronizedRootGroup;
			path = ServerLinux;
			sourceTree = "<group>";
		};
		2AD53EBF3053EE7E00CD47B6 /* TrackerLinux */ = {
			isa = PBXFileSystemSynchronizedRootGroup;
			path = TrackerLinux;
			sourceTree = "<group>";
		};
/* End PBXFileSystemSynchronizedRootGroup section */

/* Begin PBXFrameworksBuildPhase section */
		2AD52C4F3052E26B00CD47B6 /* Frameworks */ = {
			isa = PBXFrameworksBuildPhase;
			buildActionMask = 2147483647;
			files = (
				2A3840A5305961A900D5C253 /* Sparkle in Frameworks */,
			);
			runOnlyForDeploymentPostprocessing = 0;
		};
		2AD53F463054732E00CD47B6 /* Frameworks */ = {
			isa = PBXFrameworksBuildPhase;
			buildActionMask = 2147483647;
			files = (
				2A3840A8305961C500D5C253 /* Sparkle in Frameworks */,
			);
			runOnlyForDeploymentPostprocessing = 0;
		};
/* End PBXFrameworksBuildPhase section */

/* Begin PBXGroup section */
		2A3840A6305961C500D5C253 /* Frameworks */ = {
			isa = PBXGroup;
			children = (
			);
			name = Frameworks;
			sourceTree = "<group>";
		};
		2AD52C493052E26B00CD47B6 = {
			isa = PBXGroup;
			children = (
				2A8153BA3061161A007CA770 /* build-debs.sh */,
				2A3840A9305961DB00D5C253 /* Carracho-Server-Info.plist */,
				2A13EC58305AA3AE002A3039 /* carrachoclient.html */,
				2A13EC59305AA7FD002A3039 /* carrachoserver.html */,
				2AD542343055691A00CD47B6 /* compile.sh */,
				2AD53EBC3053EE7500CD47B6 /* ServerLinux */,
				2AD53EBF3053EE7E00CD47B6 /* TrackerLinux */,
				2AD52C543052E26B00CD47B6 /* Carracho */,
				2A3840A6305961C500D5C253 /* Frameworks */,
				2AD52C533052E26B00CD47B6 /* Products */,
			);
			sourceTree = "<group>";
		};
		2AD52C533052E26B00CD47B6 /* Products */ = {
			isa = PBXGroup;
			children = (
				2AD52C523052E26B00CD47B6 /* Carracho.app */,
				2AD53F4B3054732E00CD47B6 /* Carracho Server.app */,
			);
			name = Products;
			sourceTree = "<group>";
		};
/* End PBXGroup section */

/* Begin PBXNativeTarget section */
		2AD52C513052E26B00CD47B6 /* Carracho */ = {
			isa = PBXNativeTarget;
			buildConfigurationList = 2AD52C603052E26C00CD47B6 /* Build configuration list for PBXNativeTarget "Carracho" */;
			buildPhases = (
				2AD52C4E3052E26B00CD47B6 /* Sources */,
				2AD52C4F3052E26B00CD47B6 /* Frameworks */,
				2AD52C503052E26B00CD47B6 /* Resources */,
			);
			buildRules = (
			);
			dependencies = (
			);
			fileSystemSynchronizedGroups = (
				2AD52C543052E26B00CD47B6 /* Carracho */,
			);
			name = Carracho;
			packageProductDependencies = (
				2A3840A4305961A900D5C253 /* Sparkle */,
			);
			productName = Carracho;
			productReference = 2AD52C523052E26B00CD47B6 /* Carracho.app */;
			productType = "com.apple.product-type.application";
		};
		2AD53F443054732E00CD47B6 /* Carracho Server */ = {
			isa = PBXNativeTarget;
			buildConfigurationList = 2AD53F483054732E00CD47B6 /* Build configuration list for PBXNativeTarget "Carracho Server" */;
			buildPhases = (
				2AD53F453054732E00CD47B6 /* Sources */,
				2AD53F463054732E00CD47B6 /* Frameworks */,
				2AD53F473054732E00CD47B6 /* Resources */,
				2A80A9F7305EA9B700ECFBC3 /* Bundle Webinterface */,
			);
			buildRules = (
			);
			dependencies = (
			);
			fileSystemSynchronizedGroups = (
				2AD52C543052E26B00CD47B6 /* Carracho */,
			);
			name = "Carracho Server";
			packageProductDependencies = (
				2A3840A7305961C500D5C253 /* Sparkle */,
			);
			productName = Carracho;
			productReference = 2AD53F4B3054732E00CD47B6 /* Carracho Server.app */;
			productType = "com.apple.product-type.application";
		};
/* End PBXNativeTarget section */

/* Begin PBXProject section */
		2AD52C4A3052E26B00CD47B6 /* Project object */ = {
			isa = PBXProject;
			attributes = {
				BuildIndependentTargetsInParallel = 1;
				LastSwiftUpdateCheck = 2660;
				LastUpgradeCheck = 2660;
				TargetAttributes = {
					2A80A9BF305D5B9600ECFBC3 = {
						CreatedOnToolsVersion = 26.6;
					};
					2AD52C513052E26B00CD47B6 = {
						CreatedOnToolsVersion = 26.6;
					};
					2AD5497D30556A4100CD47B6 = {
						CreatedOnToolsVersion = 26.6;
					};
				};
			};
			buildConfigurationList = 2AD52C4D3052E26B00CD47B6 /* Build configuration list for PBXProject "Carracho" */;
			developmentRegion = en;
			hasScannedForEncodings = 0;
			knownRegions = (
				en,
				de,
				Base,
			);
			mainGroup = 2AD52C493052E26B00CD47B6;
			minimizedProjectReferenceProxies = 1;
			packageReferences = (
				2A3840A3305961A900D5C253 /* XCRemoteSwiftPackageReference "Sparkle" */,
			);
			preferredProjectObjectVersion = 77;
			productRefGroup = 2AD52C533052E26B00CD47B6 /* Products */;
			projectDirPath = "";
			projectRoot = "";
			targets = (
				2AD52C513052E26B00CD47B6 /* Carracho */,
				2AD53F443054732E00CD47B6 /* Carracho Server */,
				2AD5497D30556A4100CD47B6 /* Sync Server */,
				2A80A9BF305D5B9600ECFBC3 /* Publish Carracho */,
				2A80A9C4305D5EF400ECFBC3 /* Publish Carracho Server */,
			);
		};
/* End PBXProject section */

/* Begin PBXResourcesBuildPhase section */
		2AD52C503052E26B00CD47B6 /* Resources */ = {
			isa = PBXResourcesBuildPhase;
			buildActionMask = 2147483647;
			files = (
			);
			runOnlyForDeploymentPostprocessing = 0;
		};
		2AD53F473054732E00CD47B6 /* Resources */ = {
			isa = PBXResourcesBuildPhase;
			buildActionMask = 2147483647;
			files = (
			);
			runOnlyForDeploymentPostprocessing = 0;
		};
/* End PBXResourcesBuildPhase section */

/* Begin PBXShellScriptBuildPhase section */
		2A80A9C3305D5BA600ECFBC3 /* ShellScript */ = {
			isa = PBXShellScriptBuildPhase;
			buildActionMask = 2147483647;
			files = (
			);
			inputFileListPaths = (
			);
			inputPaths = (
			);
			outputFileListPaths = (
			);
			outputPaths = (
			);
			runOnlyForDeploymentPostprocessing = 0;
			shellPath = /bin/sh;
			shellScript = "MAIN_APP_PATH=\"${BUILD_DIR}/Release/Carracho.app\"\nUPLOAD_DIR=\"/Volumes/Homeshare/Xcode/CarrachoClient/upload\"\n\necho \"🔍 Prüfe Release-App:\"\necho \"$MAIN_APP_PATH\"\n\n# Sicherstellen, dass die Release-App überhaupt existiert\nif [ ! -d \"$MAIN_APP_PATH\" ]; then\n    echo \"❌ Release-App nicht gefunden:\"\n    echo \"$MAIN_APP_PATH\"\n    exit 1\nfi\n\n# Gatekeeper prüfen\nif ! spctl --assess --type execute --verbose=4 \"$MAIN_APP_PATH\"; then\n    echo \"❌ Gatekeeper hat die App abgelehnt.\"\n    exit 1\nfi\n\n# Gesamtes Bundle prüfen\nif ! codesign --verify --deep --strict --verbose=4 \"$MAIN_APP_PATH\"; then\n    echo \"❌ Signaturprüfung fehlgeschlagen.\"\n    exit 1\nfi\n\n# Einzelne ausführbare Dateien prüfen\nERROR_FILE=\"$(mktemp)\"\n\nfind \"$MAIN_APP_PATH\" -type f -perm -111 -print0 |\nwhile IFS= read -r -d '' file; do\n    if ! codesign --verify --verbose=4 \"$file\" >/dev/null 2>&1; then\n        echo \"❌ Fehlerhafte Signatur: $file\"\n        echo \"$file\" >> \"$ERROR_FILE\"\n    fi\ndone\n\nif [ -s \"$ERROR_FILE\" ]; then\n    echo \"❌ Mindestens eine Datei im Bundle ist falsch signiert.\"\n    rm -f \"$ERROR_FILE\"\n    exit 1\nfi\n\nrm -f \"$ERROR_FILE\"\n\n# Upload vorbereiten\nif [ -d \"$UPLOAD_DIR\" ]; then\n\n    # HTML-Datei kopieren\n    cp \"${SRCROOT}/carrachoclient.html\" \"$UPLOAD_DIR/\"\n\n    # Altes ZIP sicherheitshalber entfernen\n    rm -f \"$UPLOAD_DIR/carrachoclient.zip\"\n\n    # App als ZIP-Archiv erstellen\n    ditto -c -k --sequesterRsrc --keepParent \\\n        \"$MAIN_APP_PATH\" \\\n        \"$UPLOAD_DIR/carrachoclient.zip\"\nfi\n\n# Alte Desktop-Version entfernen\nDESKTOP_APP=\"$HOME/Desktop/Carracho.app\"\n\nif [ -d \"$DESKTOP_APP\" ]; then\n    rm -rf \"$DESKTOP_APP\"\nfi\n\n# Release-App auf Desktop kopieren\nditto \"$MAIN_APP_PATH\" \"$DESKTOP_APP\"\n\n# Upload starten\nif [ -d \"$UPLOAD_DIR\" ]; then\n    bash \"/Volumes/Homeshare/Xcode/CarrachoClient/push.command\"\nfi\n";
		};
		2A80A9C5305D5EF400ECFBC3 /* ShellScript */ = {
			isa = PBXShellScriptBuildPhase;
			buildActionMask = 2147483647;
			files = (
			);
			inputFileListPaths = (
			);
			inputPaths = (
			);
			outputFileListPaths = (
			);
			outputPaths = (
			);
			runOnlyForDeploymentPostprocessing = 0;
			shellPath = /bin/sh;
			shellScript = "MAIN_APP_PATH=\"${BUILD_DIR}/Release/Carracho Server.app\"\nUPLOAD_DIR=\"/Volumes/Homeshare/Xcode/CarrachoServer/upload\"\n\necho \"🔍 Prüfe Release-App:\"\necho \"$MAIN_APP_PATH\"\n\n# Sicherstellen, dass die Release-App überhaupt existiert\nif [ ! -d \"$MAIN_APP_PATH\" ]; then\n    echo \"❌ Release-App nicht gefunden:\"\n    echo \"$MAIN_APP_PATH\"\n    exit 1\nfi\n\n# Gatekeeper prüfen\nif ! spctl --assess --type execute --verbose=4 \"$MAIN_APP_PATH\"; then\n    echo \"❌ Gatekeeper hat die App abgelehnt.\"\n    exit 1\nfi\n\n# Gesamtes Bundle prüfen\nif ! codesign --verify --deep --strict --verbose=4 \"$MAIN_APP_PATH\"; then\n    echo \"❌ Signaturprüfung fehlgeschlagen.\"\n    exit 1\nfi\n\n# Einzelne ausführbare Dateien prüfen\nERROR_FILE=\"$(mktemp)\"\n\nfind \"$MAIN_APP_PATH\" -type f -perm -111 -print0 |\nwhile IFS= read -r -d '' file; do\n    if ! codesign --verify --verbose=4 \"$file\" >/dev/null 2>&1; then\n        echo \"❌ Fehlerhafte Signatur: $file\"\n        echo \"$file\" >> \"$ERROR_FILE\"\n    fi\ndone\n\nif [ -s \"$ERROR_FILE\" ]; then\n    echo \"❌ Mindestens eine Datei im Bundle ist falsch signiert.\"\n    rm -f \"$ERROR_FILE\"\n    exit 1\nfi\n\nrm -f \"$ERROR_FILE\"\n\n# Upload vorbereiten\nif [ -d \"$UPLOAD_DIR\" ]; then\n\n    # HTML-Datei kopieren\n    cp -X \"${SRCROOT}/carrachoserver.html\" \"$UPLOAD_DIR/\"\n\n    # Altes ZIP sicherheitshalber entfernen\n    rm -f \"$UPLOAD_DIR/carrachoserver.zip\"\n\n    # App als ZIP-Archiv erstellen\n    ditto -c -k --sequesterRsrc --keepParent \\\n        \"$MAIN_APP_PATH\" \\\n        \"$UPLOAD_DIR/carrachoserver.zip\"\nfi\n\n# Alte Desktop-Version entfernen\nDESKTOP_APP=\"$HOME/Desktop/Carracho Server.app\"\n\nif [ -d \"$DESKTOP_APP\" ]; then\n    rm -rf \"$DESKTOP_APP\"\nfi\n\n# Release-App auf Desktop kopieren\nditto \"$MAIN_APP_PATH\" \"$DESKTOP_APP\"\n\n# Upload starten\nif [ -d \"$UPLOAD_DIR\" ]; then\n    bash \"/Volumes/Homeshare/Xcode/CarrachoServer/push.command\"\nfi\n";
		};
		2A80A9F7305EA9B700ECFBC3 /* Bundle Webinterface */ = {
			isa = PBXShellScriptBuildPhase;
			buildActionMask = 2147483647;
			files = (
			);
			inputFileListPaths = (
			);
			inputPaths = (
			);
			name = "Bundle Webinterface";
			outputFileListPaths = (
			);
			outputPaths = (
			);
			runOnlyForDeploymentPostprocessing = 0;
			shellPath = /bin/sh;
			shellScript = "\"${SRCROOT}/Carracho/Webinterface/scripts/xcode-build-phase.sh\"\n";
		};
		2AD5498230556A4900CD47B6 /* Sync Server */ = {
			isa = PBXShellScriptBuildPhase;
			buildActionMask = 2147483647;
			files = (
			);
			inputFileListPaths = (
			);
			inputPaths = (
			);
			name = "Sync Server";
			outputFileListPaths = (
			);
			outputPaths = (
			);
			runOnlyForDeploymentPostprocessing = 0;
			shellPath = /bin/sh;
			shellScript = "#!/bin/bash\n\nset -e\n\nSOURCE_DIR=\"${SRCROOT}/ServerLinux\"\nTARGET=\"pi@wired.istation.pw:/opt/carracho/sources/\"\n\nif [ ! -d \"${SOURCE_DIR}\" ]; then\n    exit 1\nfi\n\n/usr/bin/rsync \\\n    -avh \\\n    --delete \\\n    -e \"/usr/bin/ssh -p 7022 -o BatchMode=yes\" \\\n    \"${SOURCE_DIR}\" \\\n    \"${TARGET}\"\n    \nSOURCE_DIR=\"${SRCROOT}/TrackerLinux\"\nTARGET=\"pi@wired.istation.pw:/opt/carracho/sources/\"\n\nif [ ! -d \"${SOURCE_DIR}\" ]; then\n    exit 1\nfi\n\n/usr/bin/rsync \\\n    -avh \\\n    --delete \\\n    -e \"/usr/bin/ssh -p 7022 -o BatchMode=yes\" \\\n    \"${SOURCE_DIR}\" \\\n    \"${TARGET}\"\n    \nSOURCE_DIR=\"${SRCROOT}/compile.sh\"\nTARGET=\"pi@wired.istation.pw:/opt/carracho/sources/\"\n\nif [ ! -f \"${SOURCE_DIR}\" ]; then\n    exit 1\nfi\n\n/usr/bin/rsync \\\n    -avh \\\n    --delete \\\n    -e \"/usr/bin/ssh -p 7022 -o BatchMode=yes\" \\\n    \"${SOURCE_DIR}\" \\\n    \"${TARGET}\"\n";
		};
/* End PBXShellScriptBuildPhase section */

/* Begin PBXSourcesBuildPhase section */
		2AD52C4E3052E26B00CD47B6 /* Sources */ = {
			isa = PBXSourcesBuildPhase;
			buildActionMask = 2147483647;
			files = (
			);
			runOnlyForDeploymentPostprocessing = 0;
		};
		2AD53F453054732E00CD47B6 /* Sources */ = {
			isa = PBXSourcesBuildPhase;
			buildActionMask = 2147483647;
			files = (
			);
			runOnlyForDeploymentPostprocessing = 0;
		};
/* End PBXSourcesBuildPhase section */

/* Begin XCBuildConfiguration section */
		2A80A9C1305D5B9600ECFBC3 /* Debug */ = {
			isa = XCBuildConfiguration;
			buildSettings = {
				CODE_SIGN_STYLE = Automatic;
				ENABLE_USER_SCRIPT_SANDBOXING = NO;
				PRODUCT_NAME = "$(TARGET_NAME)";
			};
			name = Debug;
		};
		2A80A9C2305D5B9600ECFBC3 /* Release */ = {
			isa = XCBuildConfiguration;
			buildSettings = {
				CODE_SIGN_STYLE = Automatic;
				ENABLE_USER_SCRIPT_SANDBOXING = NO;
				PRODUCT_NAME = "$(TARGET_NAME)";
			};
			name = Release;
		};
		2A80A9C7305D5EF400ECFBC3 /* Debug */ = {
			isa = XCBuildConfiguration;
			buildSettings = {
				CODE_SIGN_STYLE = Automatic;
				ENABLE_USER_SCRIPT_SANDBOXING = NO;
				PRODUCT_NAME = "$(TARGET_NAME)";
			};
			name = Debug;
		};
		2A80A9C8305D5EF400ECFBC3 /* Release */ = {
			isa = XCBuildConfiguration;
			buildSettings = {
				CODE_SIGN_STYLE = Automatic;
				ENABLE_USER_SCRIPT_SANDBOXING = NO;
				PRODUCT_NAME = "$(TARGET_NAME)";
			};
			name = Release;
		};
		2AD52C5E3052E26C00CD47B6 /* Debug */ = {
			isa = XCBuildConfiguration;
			buildSettings = {
				ALWAYS_SEARCH_USER_PATHS = NO;
				ASSETCATALOG_COMPILER_GENERATE_SWIFT_ASSET_SYMBOL_EXTENSIONS = YES;
				CLANG_ANALYZER_NONNULL = YES;
				CLANG_ANALYZER_NUMBER_OBJECT_CONVERSION = YES_AGGRESSIVE;
				CLANG_CXX_LANGUAGE_STANDARD = "gnu++20";
				CLANG_ENABLE_MODULES = YES;
				CLANG_ENABLE_OBJC_ARC = YES;
				CLANG_ENABLE_OBJC_WEAK = YES;
				CLANG_WARN_BLOCK_CAPTURE_AUTORELEASING = YES;
				CLANG_WARN_BOOL_CONVERSION = YES;
				CLANG_WARN_COMMA = YES;
				CLANG_WARN_CONSTANT_CONVERSION = YES;
				CLANG_WARN_DEPRECATED_OBJC_IMPLEMENTATIONS = YES;
				CLANG_WARN_DIRECT_OBJC_ISA_USAGE = YES_ERROR;
				CLANG_WARN_DOCUMENTATION_COMMENTS = YES;
				CLANG_WARN_EMPTY_BODY = YES;
				CLANG_WARN_ENUM_CONVERSION = YES;
				CLANG_WARN_INFINITE_RECURSION = YES;
				CLANG_WARN_INT_CONVERSION = YES;
				CLANG_WARN_NON_LITERAL_NULL_CONVERSION = YES;
				CLANG_WARN_OBJC_IMPLICIT_RETAIN_SELF = YES;
				CLANG_WARN_OBJC_LITERAL_CONVERSION = YES;
				CLANG_WARN_OBJC_ROOT_CLASS = YES_ERROR;
				CLANG_WARN_QUOTED_INCLUDE_IN_FRAMEWORK_HEADER = YES;
				CLANG_WARN_RANGE_LOOP_ANALYSIS = YES;
				CLANG_WARN_STRICT_PROTOTYPES = YES;
				CLANG_WARN_SUSPICIOUS_MOVE = YES;
				CLANG_WARN_UNGUARDED_AVAILABILITY = YES_AGGRESSIVE;
				CLANG_WARN_UNREACHABLE_CODE = YES;
				CLANG_WARN__DUPLICATE_METHOD_MATCH = YES;
				COPY_PHASE_STRIP = NO;
				DEBUG_INFORMATION_FORMAT = dwarf;
				ENABLE_STRICT_OBJC_MSGSEND = YES;
				ENABLE_TESTABILITY = YES;
				ENABLE_USER_SCRIPT_SANDBOXING = YES;
				GCC_C_LANGUAGE_STANDARD = gnu17;
				GCC_DYNAMIC_NO_PIC = NO;
				GCC_NO_COMMON_BLOCKS = YES;
				GCC_OPTIMIZATION_LEVEL = 0;
				GCC_PREPROCESSOR_DEFINITIONS = (
					"DEBUG=1",
					"$(inherited)",
				);
				GCC_WARN_64_TO_32_BIT_CONVERSION = YES;
				GCC_WARN_ABOUT_RETURN_TYPE = YES_ERROR;
				GCC_WARN_UNDECLARED_SELECTOR = YES;
				GCC_WARN_UNINITIALIZED_AUTOS = YES_AGGRESSIVE;
				GCC_WARN_UNUSED_FUNCTION = YES;
				GCC_WARN_UNUSED_VARIABLE = YES;
				LOCALIZATION_PREFERS_STRING_CATALOGS = YES;
				MACOSX_DEPLOYMENT_TARGET = 26.5;
				MTL_ENABLE_DEBUG_INFO = INCLUDE_SOURCE;
				MTL_FAST_MATH = YES;
				ONLY_ACTIVE_ARCH = YES;
				SDKROOT = macosx;
				SWIFT_ACTIVE_COMPILATION_CONDITIONS = "DEBUG $(inherited)";
				SWIFT_OPTIMIZATION_LEVEL = "-Onone";
			};
			name = Debug;
		};
		2AD52C5F3052E26C00CD47B6 /* Release */ = {
			isa = XCBuildConfiguration;
			buildSettings = {
				ALWAYS_SEARCH_USER_PATHS = NO;
				ASSETCATALOG_COMPILER_GENERATE_SWIFT_ASSET_SYMBOL_EXTENSIONS = YES;
				CLANG_ANALYZER_NONNULL = YES;
				CLANG_ANALYZER_NUMBER_OBJECT_CONVERSION = YES_AGGRESSIVE;
				CLANG_CXX_LANGUAGE_STANDARD = "gnu++20";
				CLANG_ENABLE_MODULES = YES;
				CLANG_ENABLE_OBJC_ARC = YES;
				CLANG_ENABLE_OBJC_WEAK = YES;
				CLANG_WARN_BLOCK_CAPTURE_AUTORELEASING = YES;
				CLANG_WARN_BOOL_CONVERSION = YES;
				CLANG_WARN_COMMA = YES;
				CLANG_WARN_CONSTANT_CONVERSION = YES;
				CLANG_WARN_DEPRECATED_OBJC_IMPLEMENTATIONS = YES;
				CLANG_WARN_DIRECT_OBJC_ISA_USAGE = YES_ERROR;
				CLANG_WARN_DOCUMENTATION_COMMENTS = YES;
				CLANG_WARN_EMPTY_BODY = YES;
				CLANG_WARN_ENUM_CONVERSION = YES;
				CLANG_WARN_INFINITE_RECURSION = YES;
				CLANG_WARN_INT_CONVERSION = YES;
				CLANG_WARN_NON_LITERAL_NULL_CONVERSION = YES;
				CLANG_WARN_OBJC_IMPLICIT_RETAIN_SELF = YES;
				CLANG_WARN_OBJC_LITERAL_CONVERSION = YES;
				CLANG_WARN_OBJC_ROOT_CLASS = YES_ERROR;
				CLANG_WARN_QUOTED_INCLUDE_IN_FRAMEWORK_HEADER = YES;
				CLANG_WARN_RANGE_LOOP_ANALYSIS = YES;
				CLANG_WARN_STRICT_PROTOTYPES = YES;
				CLANG_WARN_SUSPICIOUS_MOVE = YES;
				CLANG_WARN_UNGUARDED_AVAILABILITY = YES_AGGRESSIVE;
				CLANG_WARN_UNREACHABLE_CODE = YES;
				CLANG_WARN__DUPLICATE_METHOD_MATCH = YES;
				COPY_PHASE_STRIP = NO;
				DEBUG_INFORMATION_FORMAT = "dwarf-with-dsym";
				ENABLE_NS_ASSERTIONS = NO;
				ENABLE_STRICT_OBJC_MSGSEND = YES;
				ENABLE_USER_SCRIPT_SANDBOXING = YES;
				GCC_C_LANGUAGE_STANDARD = gnu17;
				GCC_NO_COMMON_BLOCKS = YES;
				GCC_WARN_64_TO_32_BIT_CONVERSION = YES;
				GCC_WARN_ABOUT_RETURN_TYPE = YES_ERROR;
				GCC_WARN_UNDECLARED_SELECTOR = YES;
				GCC_WARN_UNINITIALIZED_AUTOS = YES_AGGRESSIVE;
				GCC_WARN_UNUSED_FUNCTION = YES;
				GCC_WARN_UNUSED_VARIABLE = YES;
				LOCALIZATION_PREFERS_STRING_CATALOGS = YES;
				MACOSX_DEPLOYMENT_TARGET = 26.5;
				MTL_ENABLE_DEBUG_INFO = NO;
				MTL_FAST_MATH = YES;
				SDKROOT = macosx;
				SWIFT_COMPILATION_MODE = wholemodule;
			};
			name = Release;
		};
		2AD52C613052E26C00CD47B6 /* Debug */ = {
			isa = XCBuildConfiguration;
			buildSettings = {
				ASSETCATALOG_COMPILER_APPICON_NAME = AppIcon;
				ASSETCATALOG_COMPILER_GLOBAL_ACCENT_COLOR_NAME = AccentColor;
				CODE_SIGN_STYLE = Automatic;
				COMBINE_HIDPI_IMAGES = YES;
				CURRENT_PROJECT_VERSION = 6;
				ENABLE_APP_SANDBOX = NO;
				FRAMEWORK_SEARCH_PATHS = (
					"$(inherited)",
					"$(PROJECT_DIR)/Carracho/Webinterface/.xcode-build/dist/carracho-web-admin-helper/_internal",
				);
				GENERATE_INFOPLIST_FILE = YES;
				INFOPLIST_FILE = Carracho/Info.plist;
				INFOPLIST_KEY_LSApplicationCategoryType = "public.app-category.social-networking";
				INFOPLIST_KEY_NSHumanReadableCopyright = "";
				INFOPLIST_KEY_NSMainStoryboardFile = Main;
				INFOPLIST_KEY_NSPrincipalClass = NSApplication;
				LD_RUNPATH_SEARCH_PATHS = (
					"$(inherited)",
					"@executable_path/../Frameworks",
				);
				MACOSX_DEPLOYMENT_TARGET = 10.15;
				MARKETING_VERSION = 1.0.5;
				PRODUCT_BUNDLE_IDENTIFIER = luigi.com.carracho;
				PRODUCT_NAME = "$(TARGET_NAME)";
				REGISTER_APP_GROUPS = YES;
				STRING_CATALOG_GENERATE_SYMBOLS = YES;
				SWIFT_APPROACHABLE_CONCURRENCY = YES;
				SWIFT_DEFAULT_ACTOR_ISOLATION = MainActor;
				SWIFT_EMIT_LOC_STRINGS = YES;
				SWIFT_UPCOMING_FEATURE_MEMBER_IMPORT_VISIBILITY = YES;
				SWIFT_VERSION = 5.0;
			};
			name = Debug;
		};
		2AD52C623052E26C00CD47B6 /* Release */ = {
			isa = XCBuildConfiguration;
			buildSettings = {
				ASSETCATALOG_COMPILER_APPICON_NAME = AppIcon;
				ASSETCATALOG_COMPILER_GLOBAL_ACCENT_COLOR_NAME = AccentColor;
				CODE_SIGN_STYLE = Automatic;
				COMBINE_HIDPI_IMAGES = YES;
				CURRENT_PROJECT_VERSION = 6;
				ENABLE_APP_SANDBOX = NO;
				FRAMEWORK_SEARCH_PATHS = (
					"$(inherited)",
					"$(PROJECT_DIR)/Carracho/Webinterface/.xcode-build/dist/carracho-web-admin-helper/_internal",
				);
				GENERATE_INFOPLIST_FILE = YES;
				INFOPLIST_FILE = Carracho/Info.plist;
				INFOPLIST_KEY_LSApplicationCategoryType = "public.app-category.social-networking";
				INFOPLIST_KEY_NSHumanReadableCopyright = "";
				INFOPLIST_KEY_NSMainStoryboardFile = Main;
				INFOPLIST_KEY_NSPrincipalClass = NSApplication;
				LD_RUNPATH_SEARCH_PATHS = (
					"$(inherited)",
					"@executable_path/../Frameworks",
				);
				MACOSX_DEPLOYMENT_TARGET = 10.15;
				MARKETING_VERSION = 1.0.5;
				PRODUCT_BUNDLE_IDENTIFIER = luigi.com.carracho;
				PRODUCT_NAME = "$(TARGET_NAME)";
				REGISTER_APP_GROUPS = YES;
				STRING_CATALOG_GENERATE_SYMBOLS = YES;
				SWIFT_APPROACHABLE_CONCURRENCY = YES;
				SWIFT_DEFAULT_ACTOR_ISOLATION = MainActor;
				SWIFT_EMIT_LOC_STRINGS = YES;
				SWIFT_UPCOMING_FEATURE_MEMBER_IMPORT_VISIBILITY = YES;
				SWIFT_VERSION = 5.0;
			};
			name = Release;
		};
		2AD53F493054732E00CD47B6 /* Debug */ = {
			isa = XCBuildConfiguration;
			buildSettings = {
				ASSETCATALOG_COMPILER_APPICON_NAME = ServerAppIcon;
				ASSETCATALOG_COMPILER_GLOBAL_ACCENT_COLOR_NAME = AccentColor;
				CODE_SIGN_STYLE = Automatic;
				COMBINE_HIDPI_IMAGES = YES;
				CURRENT_PROJECT_VERSION = 6;
				ENABLE_APP_SANDBOX = NO;
				ENABLE_USER_SCRIPT_SANDBOXING = NO;
				FRAMEWORK_SEARCH_PATHS = (
					"$(inherited)",
					"$(PROJECT_DIR)/Carracho/Webinterface/.xcode-build/dist/carracho-web-admin-helper/_internal",
				);
				GENERATE_INFOPLIST_FILE = YES;
				INFOPLIST_FILE = "Carracho-Server-Info.plist";
				INFOPLIST_KEY_LSApplicationCategoryType = "public.app-category.social-networking";
				INFOPLIST_KEY_NSHumanReadableCopyright = "";
				INFOPLIST_KEY_NSPrincipalClass = NSApplication;
				LD_RUNPATH_SEARCH_PATHS = (
					"$(inherited)",
					"@executable_path/../Frameworks",
				);
				MACOSX_DEPLOYMENT_TARGET = 10.15;
				MARKETING_VERSION = 1.0.5;
				PRODUCT_BUNDLE_IDENTIFIER = luigi.com.carracho.server;
				PRODUCT_NAME = "$(TARGET_NAME)";
				REGISTER_APP_GROUPS = YES;
				STRING_CATALOG_GENERATE_SYMBOLS = YES;
				SWIFT_ACTIVE_COMPILATION_CONDITIONS = "$(inherited) CARRACHO_SERVER";
				SWIFT_APPROACHABLE_CONCURRENCY = YES;
				SWIFT_DEFAULT_ACTOR_ISOLATION = MainActor;
				SWIFT_EMIT_LOC_STRINGS = YES;
				SWIFT_UPCOMING_FEATURE_MEMBER_IMPORT_VISIBILITY = YES;
				SWIFT_VERSION = 5.0;
			};
			name = Debug;
		};
		2AD53F4A3054732E00CD47B6 /* Release */ = {
			isa = XCBuildConfiguration;
			buildSettings = {
				ASSETCATALOG_COMPILER_APPICON_NAME = ServerAppIcon;
				ASSETCATALOG_COMPILER_GLOBAL_ACCENT_COLOR_NAME = AccentColor;
				CODE_SIGN_STYLE = Automatic;
				COMBINE_HIDPI_IMAGES = YES;
				CURRENT_PROJECT_VERSION = 6;
				ENABLE_APP_SANDBOX = NO;
				ENABLE_USER_SCRIPT_SANDBOXING = NO;
				FRAMEWORK_SEARCH_PATHS = (
					"$(inherited)",
					"$(PROJECT_DIR)/Carracho/Webinterface/.xcode-build/dist/carracho-web-admin-helper/_internal",
				);
				GENERATE_INFOPLIST_FILE = YES;
				INFOPLIST_FILE = "Carracho-Server-Info.plist";
				INFOPLIST_KEY_LSApplicationCategoryType = "public.app-category.social-networking";
				INFOPLIST_KEY_NSHumanReadableCopyright = "";
				INFOPLIST_KEY_NSPrincipalClass = NSApplication;
				LD_RUNPATH_SEARCH_PATHS = (
					"$(inherited)",
					"@executable_path/../Frameworks",
				);
				MACOSX_DEPLOYMENT_TARGET = 10.15;
				MARKETING_VERSION = 1.0.5;
				PRODUCT_BUNDLE_IDENTIFIER = luigi.com.carracho.server;
				PRODUCT_NAME = "$(TARGET_NAME)";
				REGISTER_APP_GROUPS = YES;
				STRING_CATALOG_GENERATE_SYMBOLS = YES;
				SWIFT_ACTIVE_COMPILATION_CONDITIONS = "$(inherited) CARRACHO_SERVER";
				SWIFT_APPROACHABLE_CONCURRENCY = YES;
				SWIFT_DEFAULT_ACTOR_ISOLATION = MainActor;
				SWIFT_EMIT_LOC_STRINGS = YES;
				SWIFT_UPCOMING_FEATURE_MEMBER_IMPORT_VISIBILITY = YES;
				SWIFT_VERSION = 5.0;
			};
			name = Release;
		};
		2AD5497F30556A4100CD47B6 /* Debug */ = {
			isa = XCBuildConfiguration;
			buildSettings = {
				CODE_SIGN_STYLE = Automatic;
				ENABLE_USER_SCRIPT_SANDBOXING = NO;
				PRODUCT_NAME = "$(TARGET_NAME)";
			};
			name = Debug;
		};
		2AD5498030556A4100CD47B6 /* Release */ = {
			isa = XCBuildConfiguration;
			buildSettings = {
				CODE_SIGN_STYLE = Automatic;
				ENABLE_USER_SCRIPT_SANDBOXING = NO;
				PRODUCT_NAME = "$(TARGET_NAME)";
			};
			name = Release;
		};
/* End XCBuildConfiguration section */

/* Begin XCConfigurationList section */
		2A80A9C0305D5B9600ECFBC3 /* Build configuration list for PBXAggregateTarget "Publish Carracho" */ = {
			isa = XCConfigurationList;
			buildConfigurations = (
				2A80A9C1305D5B9600ECFBC3 /* Debug */,
				2A80A9C2305D5B9600ECFBC3 /* Release */,
			);
			defaultConfigurationIsVisible = 0;
			defaultConfigurationName = Release;
		};
		2A80A9C6305D5EF400ECFBC3 /* Build configuration list for PBXAggregateTarget "Publish Carracho Server" */ = {
			isa = XCConfigurationList;
			buildConfigurations = (
				2A80A9C7305D5EF400ECFBC3 /* Debug */,
				2A80A9C8305D5EF400ECFBC3 /* Release */,
			);
			defaultConfigurationIsVisible = 0;
			defaultConfigurationName = Release;
		};
		2AD52C4D3052E26B00CD47B6 /* Build configuration list for PBXProject "Carracho" */ = {
			isa = XCConfigurationList;
			buildConfigurations = (
				2AD52C5E3052E26C00CD47B6 /* Debug */,
				2AD52C5F3052E26C00CD47B6 /* Release */,
			);
			defaultConfigurationIsVisible = 0;
			defaultConfigurationName = Release;
		};
		2AD52C603052E26C00CD47B6 /* Build configuration list for PBXNativeTarget "Carracho" */ = {
			isa = XCConfigurationList;
			buildConfigurations = (
				2AD52C613052E26C00CD47B6 /* Debug */,
				2AD52C623052E26C00CD47B6 /* Release */,
			);
			defaultConfigurationIsVisible = 0;
			defaultConfigurationName = Release;
		};
		2AD53F483054732E00CD47B6 /* Build configuration list for PBXNativeTarget "Carracho Server" */ = {
			isa = XCConfigurationList;
			buildConfigurations = (
				2AD53F493054732E00CD47B6 /* Debug */,
				2AD53F4A3054732E00CD47B6 /* Release */,
			);
			defaultConfigurationIsVisible = 0;
			defaultConfigurationName = Release;
		};
		2AD5497E30556A4100CD47B6 /* Build configuration list for PBXAggregateTarget "Sync Server" */ = {
			isa = XCConfigurationList;
			buildConfigurations = (
				2AD5497F30556A4100CD47B6 /* Debug */,
				2AD5498030556A4100CD47B6 /* Release */,
			);
			defaultConfigurationIsVisible = 0;
			defaultConfigurationName = Release;
		};
/* End XCConfigurationList section */

/* Begin XCRemoteSwiftPackageReference section */
		2A3840A3305961A900D5C253 /* XCRemoteSwiftPackageReference "Sparkle" */ = {
			isa = XCRemoteSwiftPackageReference;
			repositoryURL = "https://github.com/sparkle-project/Sparkle";
			requirement = {
				kind = exactVersion;
				version = 2.9.4;
			};
		};
/* End XCRemoteSwiftPackageReference section */

/* Begin XCSwiftPackageProductDependency section */
		2A3840A4305961A900D5C253 /* Sparkle */ = {
			isa = XCSwiftPackageProductDependency;
			package = 2A3840A3305961A900D5C253 /* XCRemoteSwiftPackageReference "Sparkle" */;
			productName = Sparkle;
		};
		2A3840A7305961C500D5C253 /* Sparkle */ = {
			isa = XCSwiftPackageProductDependency;
			package = 2A3840A3305961A900D5C253 /* XCRemoteSwiftPackageReference "Sparkle" */;
			productName = Sparkle;
		};
/* End XCSwiftPackageProductDependency section */
	};
	rootObject = 2AD52C4A3052E26B00CD47B6 /* Project object */;
}
